Microsoft Visual Studio Solution File, Format Version 12.00
# Visual Studio Version 17
VisualStudioVersion = 17.5.2.0
MinimumVisualStudioVersion = 10.0.40219.1
Project("{FAE04EC0-301F-11D3-BF4B-00C04F79EFBC}") = "p4", "p4.csproj", "{23204AFB-37D5-6483-6FC8-D65E0D7EFA07}"
EndProject
Global
	GlobalSection(SolutionConfigurationPlatforms) = preSolution
		Debug|Any CPU = Debug|Any CPU
		Release|Any CPU = Release|Any CPU
	EndGlobalSection
	GlobalSection(ProjectConfigurationPlatforms) = postSolution
		{23204AFB-37D5-6483-6FC8-D65E0D7EFA07}.Debug|Any CPU.ActiveCfg = Debug|Any CPU
		{23204AFB-37D5-6483-6FC8-D65E0D7EFA07}.Debug|Any CPU.Build.0 = Debug|Any CPU
		{23204AFB-37D5-6483-6FC8-D65E0D7EFA07}.Release|Any CPU.ActiveCfg = Release|Any CPU
		{23204AFB-37D5-6483-6FC8-D65E0D7EFA07}.Release|Any CPU.Build.0 = Release|Any CPU
	EndGlobalSection
	GlobalSection(SolutionProperties) = preSolution
		HideSolutionNode = FALSE
	EndGlobalSection
	GlobalSection(ExtensibilityGlobals) = postSolution
		SolutionGuid = {D7A0C138-F12C-4C7F-BB8C-528DFD60B407}
	EndGlobalSection
EndGlobal
